{
  "pins" : [
    {
      "identity" : "kingfisher",
      "kind" : "remoteSourceControl",
      "location" : "https://github.com/onevcat/Kingfisher.git",
      "state" : {
        "branch" : "master",
        "revision" : "2a931064066428d260790c46f238030180c866ef"
      }
    }
  ],
  "version" : 2
}
